
Microsoft Visual Studio Solution File, Format Version 12.00
# Visual Studio Version 17
VisualStudioVersion = 17.10.35027.167
MinimumVisualStudioVersion = 10.0.40219.1
Project("{FAE04EC0-301F-11D3-BF4B-00C04F79EFBC}") = "CompanyManager", "CompanyManager\CompanyManager.csproj", "{1E683E74-0B4D-46D0-98E5-A8E499C2CA18}"
EndProject
Global
	GlobalSection(SolutionConfigurationPlatforms) = preSolution
		Debug|Any CPU = Debug|Any CPU
		Release|Any CPU = Release|Any CPU
	EndGlobalSection
	GlobalSection(ProjectConfigurationPlatforms) = postSolution
		{1E683E74-0B4D-46D0-98E5-A8E499C2CA18}.Debug|Any CPU.ActiveCfg = Debug|Any CPU
		{1E683E74-0B4D-46D0-98E5-A8E499C2CA18}.Debug|Any CPU.Build.0 = Debug|Any CPU
		{1E683E74-0B4D-46D0-98E5-A8E499C2CA18}.Release|Any CPU.ActiveCfg = Release|Any CPU
		{1E683E74-0B4D-46D0-98E5-A8E499C2CA18}.Release|Any CPU.Build.0 = Release|Any CPU
	EndGlobalSection
	GlobalSection(SolutionProperties) = preSolution
		HideSolutionNode = FALSE
	EndGlobalSection
	GlobalSection(ExtensibilityGlobals) = postSolution
		SolutionGuid = {64DD255C-E5B2-4D62-A845-9BDC68B97AEF}
	EndGlobalSection
EndGlobal
